// !$*UTF8*$!
{
	archiveVersion = 1;
	classes = {
	};
	objectVersion = 56;
	objects = {

/* Begin PBXBuildFile section */
		D856A7F12C4F974B00C4E6A5 /* AppDelegate.swift in Sources */ = {isa = PBXBuildFile; fileRef = D856A7F02C4F974B00C4E6A5 /* AppDelegate.swift */; };
		D856A7F32C4F974B00C4E6A5 /* SceneDelegate.swift in Sources */ = {isa = PBXBuildFile; fileRef = D856A7F22C4F974B00C4E6A5 /* SceneDelegate.swift */; };
		D856A7F52C4F974B00C4E6A5 /* ViewController.swift in Sources */ = {isa = PBXBuildFile; fileRef = D856A7F42C4F974B00C4E6A5 /* ViewController.swift */; };
		D856A7F82C4F974B00C4E6A5 /* Main.storyboard in Resources */ = {isa = PBXBuildFile; fileRef = D856A7F62C4F974B00C4E6A5 /* Main.storyboard */; };
		D856A7FA2C4F974C00C4E6A5 /* Assets.xcassets in Resources */ = {isa = PBXBuildFile; fileRef = D856A7F92C4F974C00C4E6A5 /* Assets.xcassets */; };
		D856A7FD2C4F974C00C4E6A5 /* LaunchScreen.storyboard in Resources */ = {isa = PBXBuildFile; fileRef = D856A7FB2C4F974C00C4E6A5 /* LaunchScreen.storyboard */; };
		D856A8082C4F97F100C4E6A5 /* HomescreenStoryboard.storyboard in Resources */ = {isa = PBXBuildFile; fileRef = D856A8072C4F97F100C4E6A5 /* HomescreenStoryboard.storyboard */; };
		D856A80A2C4F990E00C4E6A5 /* APIHandler.swift in Sources */ = {isa = PBXBuildFile; fileRef = D856A8092C4F990E00C4E6A5 /* APIHandler.swift */; };
		D856A80C2C4F991E00C4E6A5 /* serverError.swift in Sources */ = {isa = PBXBuildFile; fileRef = D856A80B2C4F991E00C4E6A5 /* serverError.swift */; };
		D856A80E2C4F9A1400C4E6A5 /* constants.swift in Sources */ = {isa = PBXBuildFile; fileRef = D856A80D2C4F9A1400C4E6A5 /* constants.swift */; };
		D856A8102C4F9A3A00C4E6A5 /* Model.swift in Sources */ = {isa = PBXBuildFile; fileRef = D856A80F2C4F9A3A00C4E6A5 /* Model.swift */; };
		D856A8122C4F9AFB00C4E6A5 /* homescreenRepository.swift in Sources */ = {isa = PBXBuildFile; fileRef = D856A8112C4F9AFB00C4E6A5 /* homescreenRepository.swift */; };
		D856A8142C4F9B1C00C4E6A5 /* HomescreenViewModel.swift in Sources */ = {isa = PBXBuildFile; fileRef = D856A8132C4F9B1C00C4E6A5 /* HomescreenViewModel.swift */; };
		D856A8162C4F9B3C00C4E6A5 /* HomescreenViewController.swift in Sources */ = {isa = PBXBuildFile; fileRef = D856A8152C4F9B3C00C4E6A5 /* HomescreenViewController.swift */; };
		D856A8192C4FACC200C4E6A5 /* toDo.swift in Sources */ = {isa = PBXBuildFile; fileRef = D856A8182C4FACC200C4E6A5 /* toDo.swift */; };
		D856A81D2C4FB32F00C4E6A5 /* coreDataModel.xcdatamodeld in Sources */ = {isa = PBXBuildFile; fileRef = D856A81B2C4FB32F00C4E6A5 /* coreDataModel.xcdatamodeld */; };
		D856A8222C4FB55B00C4E6A5 /* coreDataClass.swift in Sources */ = {isa = PBXBuildFile; fileRef = D856A8212C4FB55B00C4E6A5 /* coreDataClass.swift */; };
		D856A8272C4FCAD800C4E6A5 /* InfoscreenViewModel.swift in Sources */ = {isa = PBXBuildFile; fileRef = D856A8262C4FCAD800C4E6A5 /* InfoscreenViewModel.swift */; };
		D856A8292C4FCAEE00C4E6A5 /* InfoScreenRepository.swift in Sources */ = {isa = PBXBuildFile; fileRef = D856A8282C4FCAEE00C4E6A5 /* InfoScreenRepository.swift */; };
		D856A82B2C4FCB4100C4E6A5 /* InfoscreenModel.swift in Sources */ = {isa = PBXBuildFile; fileRef = D856A82A2C4FCB4100C4E6A5 /* InfoscreenModel.swift */; };
		D856A82D2C4FCB6B00C4E6A5 /* InfoscreenViewController.swift in Sources */ = {isa = PBXBuildFile; fileRef = D856A82C2C4FCB6B00C4E6A5 /* InfoscreenViewController.swift */; };
		D856A82F2C4FCBBE00C4E6A5 /* InfoscreenStoryboard.storyboard in Resources */ = {isa = PBXBuildFile; fileRef = D856A82E2C4FCBBE00C4E6A5 /* InfoscreenStoryboard.storyboard */; };
		D856A8332C4FD57300C4E6A5 /* homeTableViewCell.swift in Sources */ = {isa = PBXBuildFile; fileRef = D856A8312C4FD57300C4E6A5 /* homeTableViewCell.swift */; };
		D856A8342C4FD57300C4E6A5 /* homeTableViewCell.xib in Resources */ = {isa = PBXBuildFile; fileRef = D856A8322C4FD57300C4E6A5 /* homeTableViewCell.xib */; };
/* End PBXBuildFile section */

/* Begin PBXFileReference section */
		D856A7ED2C4F974B00C4E6A5 /* PokemonProject.app */ = {isa = PBXFileReference; explicitFileType = wrapper.application; includeInIndex = 0; path = PokemonProject.app; sourceTree = BUILT_PRODUCTS_DIR; };
		D856A7F02C4F974B00C4E6A5 /* AppDelegate.swift */ = {isa = PBXFileReference; lastKnownFileType = sourcecode.swift; path = AppDelegate.swift; sourceTree = "<group>"; };
		D856A7F22C4F974B00C4E6A5 /* SceneDelegate.swift */ = {isa = PBXFileReference; lastKnownFileType = sourcecode.swift; path = SceneDelegate.swift; sourceTree = "<group>"; };
		D856A7F42C4F974B00C4E6A5 /* ViewController.swift */ = {isa = PBXFileReference; lastKnownFileType = sourcecode.swift; path = ViewController.swift; sourceTree = "<group>"; };
		D856A7F72C4F974B00C4E6A5 /* Base */ = {isa = PBXFileReference; lastKnownFileType = file.storyboard; name = Base; path = Base.lproj/Main.storyboard; sourceTree = "<group>"; };
		D856A7F92C4F974C00C4E6A5 /* Assets.xcassets */ = {isa = PBXFileReference; lastKnownFileType = folder.assetcatalog; path = Assets.xcassets; sourceTree = "<group>"; };
		D856A7FC2C4F974C00C4E6A5 /* Base */ = {isa = PBXFileReference; lastKnownFileType = file.storyboard; name = Base; path = Base.lproj/LaunchScreen.storyboard; sourceTree = "<group>"; };
		D856A7FE2C4F974C00C4E6A5 /* Info.plist */ = {isa = PBXFileReference; lastKnownFileType = text.plist.xml; path = Info.plist; sourceTree = "<group>"; };
		D856A8072C4F97F100C4E6A5 /* HomescreenStoryboard.storyboard */ = {isa = PBXFileReference; lastKnownFileType = file.storyboard; path = HomescreenStoryboard.storyboard; sourceTree = "<group>"; };
		D856A8092C4F990E00C4E6A5 /* APIHandler.swift */ = {isa = PBXFileReference; lastKnownFileType = sourcecode.swift; path = APIHandler.swift; sourceTree = "<group>"; };
		D856A80B2C4F991E00C4E6A5 /* serverError.swift */ = {isa = PBXFileReference; lastKnownFileType = sourcecode.swift; path = serverError.swift; sourceTree = "<group>"; };
		D856A80D2C4F9A1400C4E6A5 /* constants.swift */ = {isa = PBXFileReference; lastKnownFileType = sourcecode.swift; path = constants.swift; sourceTree = "<group>"; };
		D856A80F2C4F9A3A00C4E6A5 /* Model.swift */ = {isa = PBXFileReference; lastKnownFileType = sourcecode.swift; path = Model.swift; sourceTree = "<group>"; };
		D856A8112C4F9AFB00C4E6A5 /* homescreenRepository.swift */ = {isa = PBXFileReference; lastKnownFileType = sourcecode.swift; path = homescreenRepository.swift; sourceTree = "<group>"; };
		D856A8132C4F9B1C00C4E6A5 /* HomescreenViewModel.swift */ = {isa = PBXFileReference; lastKnownFileType = sourcecode.swift; path = HomescreenViewModel.swift; sourceTree = "<group>"; };
		D856A8152C4F9B3C00C4E6A5 /* HomescreenViewController.swift */ = {isa = PBXFileReference; lastKnownFileType = sourcecode.swift; path = HomescreenViewController.swift; sourceTree = "<group>"; };
		D856A8182C4FACC200C4E6A5 /* toDo.swift */ = {isa = PBXFileReference; lastKnownFileType = sourcecode.swift; path = toDo.swift; sourceTree = "<group>"; };
		D856A81C2C4FB32F00C4E6A5 /* coreDataModel.xcdatamodel */ = {isa = PBXFileReference; lastKnownFileType = wrapper.xcdatamodel; path = coreDataModel.xcdatamodel; sourceTree = "<group>"; };
		D856A8212C4FB55B00C4E6A5 /* coreDataClass.swift */ = {isa = PBXFileReference; lastKnownFileType = sourcecode.swift; path = coreDataClass.swift; sourceTree = "<group>"; };
		D856A8262C4FCAD800C4E6A5 /* InfoscreenViewModel.swift */ = {isa = PBXFileReference; lastKnownFileType = sourcecode.swift; path = InfoscreenViewModel.swift; sourceTree = "<group>"; };
		D856A8282C4FCAEE00C4E6A5 /* InfoScreenRepository.swift */ = {isa = PBXFileReference; lastKnownFileType = sourcecode.swift; path = InfoScreenRepository.swift; sourceTree = "<group>"; };
		D856A82A2C4FCB4100C4E6A5 /* InfoscreenModel.swift */ = {isa = PBXFileReference; lastKnownFileType = sourcecode.swift; path = InfoscreenModel.swift; sourceTree = "<group>"; };
		D856A82C2C4FCB6B00C4E6A5 /* InfoscreenViewController.swift */ = {isa = PBXFileReference; lastKnownFileType = sourcecode.swift; path = InfoscreenViewController.swift; sourceTree = "<group>"; };
		D856A82E2C4FCBBE00C4E6A5 /* InfoscreenStoryboard.storyboard */ = {isa = PBXFileReference; lastKnownFileType = file.storyboard; path = InfoscreenStoryboard.storyboard; sourceTree = "<group>"; };
		D856A8312C4FD57300C4E6A5 /* homeTableViewCell.swift */ = {isa = PBXFileReference; lastKnownFileType = sourcecode.swift; path = homeTableViewCell.swift; sourceTree = "<group>"; };
		D856A8322C4FD57300C4E6A5 /* homeTableViewCell.xib */ = {isa = PBXFileReference; lastKnownFileType = file.xib; path = homeTableViewCell.xib; sourceTree = "<group>"; };
/* End PBXFileReference section */

/* Begin PBXFrameworksBuildPhase section */
		D856A7EA2C4F974B00C4E6A5 /* Frameworks */ = {
			isa = PBXFrameworksBuildPhase;
			buildActionMask = 2147483647;
			files = (
			);
			runOnlyForDeploymentPostprocessing = 0;
		};
/* End PBXFrameworksBuildPhase section */

/* Begin PBXGroup section */
		D856A7E42C4F974B00C4E6A5 = {
			isa = PBXGroup;
			children = (
				D856A8172C4FACAF00C4E6A5 /* ToDo */,
				D856A7EF2C4F974B00C4E6A5 /* PokemonProject */,
				D856A7EE2C4F974B00C4E6A5 /* Products */,
			);
			sourceTree = "<group>";
		};
		D856A7EE2C4F974B00C4E6A5 /* Products */ = {
			isa = PBXGroup;
			children = (
				D856A7ED2C4F974B00C4E6A5 /* PokemonProject.app */,
			);
			name = Products;
			sourceTree = "<group>";
		};
		D856A7EF2C4F974B00C4E6A5 /* PokemonProject */ = {
			isa = PBXGroup;
			children = (
				D856A8232C4FCAA000C4E6A5 /* InfoScreen */,
				D856A81A2C4FB30400C4E6A5 /* coreData */,
				D856A8062C4F97BD00C4E6A5 /* Constants */,
				D856A8052C4F97B100C4E6A5 /* ServiceLayer */,
				D856A8042C4F979B00C4E6A5 /* Homescreen */,
				D856A7F02C4F974B00C4E6A5 /* AppDelegate.swift */,
				D856A7F22C4F974B00C4E6A5 /* SceneDelegate.swift */,
				D856A7F42C4F974B00C4E6A5 /* ViewController.swift */,
				D856A7F62C4F974B00C4E6A5 /* Main.storyboard */,
				D856A7F92C4F974C00C4E6A5 /* Assets.xcassets */,
				D856A7FB2C4F974C00C4E6A5 /* LaunchScreen.storyboard */,
				D856A7FE2C4F974C00C4E6A5 /* Info.plist */,
			);
			path = PokemonProject;
			sourceTree = "<group>";
		};
		D856A8042C4F979B00C4E6A5 /* Homescreen */ = {
			isa = PBXGroup;
			children = (
				D856A8302C4FD55500C4E6A5 /* customCell */,
				D856A8072C4F97F100C4E6A5 /* HomescreenStoryboard.storyboard */,
				D856A8112C4F9AFB00C4E6A5 /* homescreenRepository.swift */,
				D856A8132C4F9B1C00C4E6A5 /* HomescreenViewModel.swift */,
				D856A8152C4F9B3C00C4E6A5 /* HomescreenViewController.swift */,
			);
			path = Homescreen;
			sourceTree = "<group>";
		};
		D856A8052C4F97B100C4E6A5 /* ServiceLayer */ = {
			isa = PBXGroup;
			children = (
				D856A8092C4F990E00C4E6A5 /* APIHandler.swift */,
				D856A80B2C4F991E00C4E6A5 /* serverError.swift */,
			);
			path = ServiceLayer;
			sourceTree = "<group>";
		};
		D856A8062C4F97BD00C4E6A5 /* Constants */ = {
			isa = PBXGroup;
			children = (
				D856A80D2C4F9A1400C4E6A5 /* constants.swift */,
				D856A80F2C4F9A3A00C4E6A5 /* Model.swift */,
			);
			path = Constants;
			sourceTree = "<group>";
		};
		D856A8172C4FACAF00C4E6A5 /* ToDo */ = {
			isa = PBXGroup;
			children = (
				D856A8182C4FACC200C4E6A5 /* toDo.swift */,
			);
			path = ToDo;
			sourceTree = "<group>";
		};
		D856A81A2C4FB30400C4E6A5 /* coreData */ = {
			isa = PBXGroup;
			children = (
				D856A81B2C4FB32F00C4E6A5 /* coreDataModel.xcdatamodeld */,
				D856A8212C4FB55B00C4E6A5 /* coreDataClass.swift */,
			);
			path = coreData;
			sourceTree = "<group>";
		};
		D856A8232C4FCAA000C4E6A5 /* InfoScreen */ = {
			isa = PBXGroup;
			children = (
				D856A8262C4FCAD800C4E6A5 /* InfoscreenViewModel.swift */,
				D856A8282C4FCAEE00C4E6A5 /* InfoScreenRepository.swift */,
				D856A82A2C4FCB4100C4E6A5 /* InfoscreenModel.swift */,
				D856A82C2C4FCB6B00C4E6A5 /* InfoscreenViewController.swift */,
				D856A82E2C4FCBBE00C4E6A5 /* InfoscreenStoryboard.storyboard */,
			);
			path = InfoScreen;
			sourceTree = "<group>";
		};
		D856A8302C4FD55500C4E6A5 /* customCell */ = {
			isa = PBXGroup;
			children = (
				D856A8312C4FD57300C4E6A5 /* homeTableViewCell.swift */,
				D856A8322C4FD57300C4E6A5 /* homeTableViewCell.xib */,
			);
			path = customCell;
			sourceTree = "<group>";
		};
/* End PBXGroup section */

/* Begin PBXNativeTarget section */
		D856A7EC2C4F974B00C4E6A5 /* PokemonProject */ = {
			isa = PBXNativeTarget;
			buildConfigurationList = D856A8012C4F974C00C4E6A5 /* Build configuration list for PBXNativeTarget "PokemonProject" */;
			buildPhases = (
				D856A7E92C4F974B00C4E6A5 /* Sources */,
				D856A7EA2C4F974B00C4E6A5 /* Frameworks */,
				D856A7EB2C4F974B00C4E6A5 /* Resources */,
			);
			buildRules = (
			);
			dependencies = (
			);
			name = PokemonProject;
			productName = PokemonProject;
			productReference = D856A7ED2C4F974B00C4E6A5 /* PokemonProject.app */;
			productType = "com.apple.product-type.application";
		};
/* End PBXNativeTarget section */

/* Begin PBXProject section */
		D856A7E52C4F974B00C4E6A5 /* Project object */ = {
			isa = PBXProject;
			attributes = {
				BuildIndependentTargetsInParallel = 1;
				LastSwiftUpdateCheck = 1520;
				LastUpgradeCheck = 1520;
				TargetAttributes = {
					D856A7EC2C4F974B00C4E6A5 = {
						CreatedOnToolsVersion = 15.2;
					};
				};
			};
			buildConfigurationList = D856A7E82C4F974B00C4E6A5 /* Build configuration list for PBXProject "PokemonProject" */;
			compatibilityVersion = "Xcode 14.0";
			developmentRegion = en;
			hasScannedForEncodings = 0;
			knownRegions = (
				en,
				Base,
			);
			mainGroup = D856A7E42C4F974B00C4E6A5;
			productRefGroup = D856A7EE2C4F974B00C4E6A5 /* Products */;
			projectDirPath = "";
			projectRoot = "";
			targets = (
				D856A7EC2C4F974B00C4E6A5 /* PokemonProject */,
			);
		};
/* End PBXProject section */

/* Begin PBXResourcesBuildPhase section */
		D856A7EB2C4F974B00C4E6A5 /* Resources */ = {
			isa = PBXResourcesBuildPhase;
			buildActionMask = 2147483647;
			files = (
				D856A82F2C4FCBBE00C4E6A5 /* InfoscreenStoryboard.storyboard in Resources */,
				D856A8342C4FD57300C4E6A5 /* homeTableViewCell.xib in Resources */,
				D856A8082C4F97F100C4E6A5 /* HomescreenStoryboard.storyboard in Resources */,
				D856A7FD2C4F974C00C4E6A5 /* LaunchScreen.storyboard in Resources */,
				D856A7FA2C4F974C00C4E6A5 /* Assets.xcassets in Resources */,
				D856A7F82C4F974B00C4E6A5 /* Main.storyboard in Resources */,
			);
			runOnlyForDeploymentPostprocessing = 0;
		};
/* End PBXResourcesBuildPhase section */

/* Begin PBXSourcesBuildPhase section */
		D856A7E92C4F974B00C4E6A5 /* Sources */ = {
			isa = PBXSourcesBuildPhase;
			buildActionMask = 2147483647;
			files = (
				D856A8102C4F9A3A00C4E6A5 /* Model.swift in Sources */,
				D856A8292C4FCAEE00C4E6A5 /* InfoScreenRepository.swift in Sources */,
				D856A80C2C4F991E00C4E6A5 /* serverError.swift in Sources */,
				D856A8332C4FD57300C4E6A5 /* homeTableViewCell.swift in Sources */,
				D856A8192C4FACC200C4E6A5 /* toDo.swift in Sources */,
				D856A7F52C4F974B00C4E6A5 /* ViewController.swift in Sources */,
				D856A7F12C4F974B00C4E6A5 /* AppDelegate.swift in Sources */,
				D856A7F32C4F974B00C4E6A5 /* SceneDelegate.swift in Sources */,
				D856A8222C4FB55B00C4E6A5 /* coreDataClass.swift in Sources */,
				D856A8162C4F9B3C00C4E6A5 /* HomescreenViewController.swift in Sources */,
				D856A8142C4F9B1C00C4E6A5 /* HomescreenViewModel.swift in Sources */,
				D856A80A2C4F990E00C4E6A5 /* APIHandler.swift in Sources */,
				D856A8122C4F9AFB00C4E6A5 /* homescreenRepository.swift in Sources */,
				D856A82B2C4FCB4100C4E6A5 /* InfoscreenModel.swift in Sources */,
				D856A81D2C4FB32F00C4E6A5 /* coreDataModel.xcdatamodeld in Sources */,
				D856A80E2C4F9A1400C4E6A5 /* constants.swift in Sources */,
				D856A8272C4FCAD800C4E6A5 /* InfoscreenViewModel.swift in Sources */,
				D856A82D2C4FCB6B00C4E6A5 /* InfoscreenViewController.swift in Sources */,
			);
			runOnlyForDeploymentPostprocessing = 0;
		};
/* End PBXSourcesBuildPhase section */

/* Begin PBXVariantGroup section */
		D856A7F62C4F974B00C4E6A5 /* Main.storyboard */ = {
			isa = PBXVariantGroup;
			children = (
				D856A7F72C4F974B00C4E6A5 /* Base */,
			);
			name = Main.storyboard;
			sourceTree = "<group>";
		};
		D856A7FB2C4F974C00C4E6A5 /* LaunchScreen.storyboard */ = {
			isa = PBXVariantGroup;
			children = (
				D856A7FC2C4F974C00C4E6A5 /* Base */,
			);
			name = LaunchScreen.storyboard;
			sourceTree = "<group>";
		};
/* End PBXVariantGroup section */

/* Begin XCBuildConfiguration section */
		D856A7FF2C4F974C00C4E6A5 /* Debug */ = {
			isa = XCBuildConfiguration;
			buildSettings = {
				ALWAYS_SEARCH_USER_PATHS = NO;
				ASSETCATALOG_COMPILER_GENERATE_SWIFT_ASSET_SYMBOL_EXTENSIONS = YES;
				CLANG_ANALYZER_NONNULL = YES;
				CLANG_ANALYZER_NUMBER_OBJECT_CONVERSION = YES_AGGRESSIVE;
				CLANG_CXX_LANGUAGE_STANDARD = "gnu++20";
				CLANG_ENABLE_MODULES = YES;
				CLANG_ENABLE_OBJC_ARC = YES;
				CLANG_ENABLE_OBJC_WEAK = YES;
				CLANG_WARN_BLOCK_CAPTURE_AUTORELEASING = YES;
				CLANG_WARN_BOOL_CONVERSION = YES;
				CLANG_WARN_COMMA = YES;
				CLANG_WARN_CONSTANT_CONVERSION = YES;
				CLANG_WARN_DEPRECATED_OBJC_IMPLEMENTATIONS = YES;
				CLANG_WARN_DIRECT_OBJC_ISA_USAGE = YES_ERROR;
				CLANG_WARN_DOCUMENTATION_COMMENTS = YES;
				CLANG_WARN_EMPTY_BODY = YES;
				CLANG_WARN_ENUM_CONVERSION = YES;
				CLANG_WARN_INFINITE_RECURSION = YES;
				CLANG_WARN_INT_CONVERSION = YES;
				CLANG_WARN_NON_LITERAL_NULL_CONVERSION = YES;
				CLANG_WARN_OBJC_IMPLICIT_RETAIN_SELF = YES;
				CLANG_WARN_OBJC_LITERAL_CONVERSION = YES;
				CLANG_WARN_OBJC_ROOT_CLASS = YES_ERROR;
				CLANG_WARN_QUOTED_INCLUDE_IN_FRAMEWORK_HEADER = YES;
				CLANG_WARN_RANGE_LOOP_ANALYSIS = YES;
				CLANG_WARN_STRICT_PROTOTYPES = YES;
				CLANG_WARN_SUSPICIOUS_MOVE = YES;
				CLANG_WARN_UNGUARDED_AVAILABILITY = YES_AGGRESSIVE;
				CLANG_WARN_UNREACHABLE_CODE = YES;
				CLANG_WARN__DUPLICATE_METHOD_MATCH = YES;
				COPY_PHASE_STRIP = NO;
				DEBUG_INFORMATION_FORMAT = dwarf;
				ENABLE_STRICT_OBJC_MSGSEND = YES;
				ENABLE_TESTABILITY = YES;
				ENABLE_USER_SCRIPT_SANDBOXING = YES;
				GCC_C_LANGUAGE_STANDARD = gnu17;
				GCC_DYNAMIC_NO_PIC = NO;
				GCC_NO_COMMON_BLOCKS = YES;
				GCC_OPTIMIZATION_LEVEL = 0;
				GCC_PREPROCESSOR_DEFINITIONS = (
					"DEBUG=1",
					"$(inherited)",
				);
				GCC_WARN_64_TO_32_BIT_CONVERSION = YES;
				GCC_WARN_ABOUT_RETURN_TYPE = YES_ERROR;
				GCC_WARN_UNDECLARED_SELECTOR = YES;
				GCC_WARN_UNINITIALIZED_AUTOS = YES_AGGRESSIVE;
				GCC_WARN_UNUSED_FUNCTION = YES;
				GCC_WARN_UNUSED_VARIABLE = YES;
				IPHONEOS_DEPLOYMENT_TARGET = 17.2;
				LOCALIZATION_PREFERS_STRING_CATALOGS = YES;
				MTL_ENABLE_DEBUG_INFO = INCLUDE_SOURCE;
				MTL_FAST_MATH = YES;
				ONLY_ACTIVE_ARCH = YES;
				SDKROOT = iphoneos;
				SWIFT_ACTIVE_COMPILATION_CONDITIONS = "DEBUG $(inherited)";
				SWIFT_OPTIMIZATION_LEVEL = "-Onone";
			};
			name = Debug;
		};
		D856A8002C4F974C00C4E6A5 /* Release */ = {
			isa = XCBuildConfiguration;
			buildSettings = {
				ALWAYS_SEARCH_USER_PATHS = NO;
				ASSETCATALOG_COMPILER_GENERATE_SWIFT_ASSET_SYMBOL_EXTENSIONS = YES;
				CLANG_ANALYZER_NONNULL = YES;
				CLANG_ANALYZER_NUMBER_OBJECT_CONVERSION = YES_AGGRESSIVE;
				CLANG_CXX_LANGUAGE_STANDARD = "gnu++20";
				CLANG_ENABLE_MODULES = YES;
				CLANG_ENABLE_OBJC_ARC = YES;
				CLANG_ENABLE_OBJC_WEAK = YES;
				CLANG_WARN_BLOCK_CAPTURE_AUTORELEASING = YES;
				CLANG_WARN_BOOL_CONVERSION = YES;
				CLANG_WARN_COMMA = YES;
				CLANG_WARN_CONSTANT_CONVERSION = YES;
				CLANG_WARN_DEPRECATED_OBJC_IMPLEMENTATIONS = YES;
				CLANG_WARN_DIRECT_OBJC_ISA_USAGE = YES_ERROR;
				CLANG_WARN_DOCUMENTATION_COMMENTS = YES;
				CLANG_WARN_EMPTY_BODY = YES;
				CLANG_WARN_ENUM_CONVERSION = YES;
				CLANG_WARN_INFINITE_RECURSION = YES;
				CLANG_WARN_INT_CONVERSION = YES;
				CLANG_WARN_NON_LITERAL_NULL_CONVERSION = YES;
				CLANG_WARN_OBJC_IMPLICIT_RETAIN_SELF = YES;
				CLANG_WARN_OBJC_LITERAL_CONVERSION = YES;
				CLANG_WARN_OBJC_ROOT_CLASS = YES_ERROR;
				CLANG_WARN_QUOTED_INCLUDE_IN_FRAMEWORK_HEADER = YES;
				CLANG_WARN_RANGE_LOOP_ANALYSIS = YES;
				CLANG_WARN_STRICT_PROTOTYPES = YES;
				CLANG_WARN_SUSPICIOUS_MOVE = YES;
				CLANG_WARN_UNGUARDED_AVAILABILITY = YES_AGGRESSIVE;
				CLANG_WARN_UNREACHABLE_CODE = YES;
				CLANG_WARN__DUPLICATE_METHOD_MATCH = YES;
				COPY_PHASE_STRIP = NO;
				DEBUG_INFORMATION_FORMAT = "dwarf-with-dsym";
				ENABLE_NS_ASSERTIONS = NO;
				ENABLE_STRICT_OBJC_MSGSEND = YES;
				ENABLE_USER_SCRIPT_SANDBOXING = YES;
				GCC_C_LANGUAGE_STANDARD = gnu17;
				GCC_NO_COMMON_BLOCKS = YES;
				GCC_WARN_64_TO_32_BIT_CONVERSION = YES;
				GCC_WARN_ABOUT_RETURN_TYPE = YES_ERROR;
				GCC_WARN_UNDECLARED_SELECTOR = YES;
				GCC_WARN_UNINITIALIZED_AUTOS = YES_AGGRESSIVE;
				GCC_WARN_UNUSED_FUNCTION = YES;
				GCC_WARN_UNUSED_VARIABLE = YES;
				IPHONEOS_DEPLOYMENT_TARGET = 17.2;
				LOCALIZATION_PREFERS_STRING_CATALOGS = YES;
				MTL_ENABLE_DEBUG_INFO = NO;
				MTL_FAST_MATH = YES;
				SDKROOT = iphoneos;
				SWIFT_COMPILATION_MODE = wholemodule;
				VALIDATE_PRODUCT = YES;
			};
			name = Release;
		};
		D856A8022C4F974C00C4E6A5 /* Debug */ = {
			isa = XCBuildConfiguration;
			buildSettings = {
				ASSETCATALOG_COMPILER_APPICON_NAME = AppIcon;
				ASSETCATALOG_COMPILER_GLOBAL_ACCENT_COLOR_NAME = AccentColor;
				CODE_SIGN_STYLE = Automatic;
				CURRENT_PROJECT_VERSION = 1;
				DEVELOPMENT_TEAM = Y55S9X92UF;
				GENERATE_INFOPLIST_FILE = YES;
				INFOPLIST_FILE = PokemonProject/Info.plist;
				INFOPLIST_KEY_UIApplicationSupportsIndirectInputEvents = YES;
				INFOPLIST_KEY_UILaunchStoryboardName = LaunchScreen;
				INFOPLIST_KEY_UIMainStoryboardFile = Main;
				INFOPLIST_KEY_UISupportedInterfaceOrientations_iPad = "UIInterfaceOrientationPortrait UIInterfaceOrientationPortraitUpsideDown UIInterfaceOrientationLandscapeLeft UIInterfaceOrientationLandscapeRight";
				INFOPLIST_KEY_UISupportedInterfaceOrientations_iPhone = "UIInterfaceOrientationPortrait UIInterfaceOrientationLandscapeLeft UIInterfaceOrientationLandscapeRight";
				LD_RUNPATH_SEARCH_PATHS = (
					"$(inherited)",
					"@executable_path/Frameworks",
				);
				MARKETING_VERSION = 1.0;
				PRODUCT_BUNDLE_IDENTIFIER = dvtsoftware.com.PokemonProject;
				PRODUCT_NAME = "$(TARGET_NAME)";
				SWIFT_EMIT_LOC_STRINGS = YES;
				SWIFT_VERSION = 5.0;
				TARGETED_DEVICE_FAMILY = "1,2";
			};
			name = Debug;
		};
		D856A8032C4F974C00C4E6A5 /* Release */ = {
			isa = XCBuildConfiguration;
			buildSettings = {
				ASSETCATALOG_COMPILER_APPICON_NAME = AppIcon;
				ASSETCATALOG_COMPILER_GLOBAL_ACCENT_COLOR_NAME = AccentColor;
				CODE_SIGN_STYLE = Automatic;
				CURRENT_PROJECT_VERSION = 1;
				DEVELOPMENT_TEAM = Y55S9X92UF;
				GENERATE_INFOPLIST_FILE = YES;
				INFOPLIST_FILE = PokemonProject/Info.plist;
				INFOPLIST_KEY_UIApplicationSupportsIndirectInputEvents = YES;
				INFOPLIST_KEY_UILaunchStoryboardName = LaunchScreen;
				INFOPLIST_KEY_UIMainStoryboardFile = Main;
				INFOPLIST_KEY_UISupportedInterfaceOrientations_iPad = "UIInterfaceOrientationPortrait UIInterfaceOrientationPortraitUpsideDown UIInterfaceOrientationLandscapeLeft UIInterfaceOrientationLandscapeRight";
				INFOPLIST_KEY_UISupportedInterfaceOrientations_iPhone = "UIInterfaceOrientationPortrait UIInterfaceOrientationLandscapeLeft UIInterfaceOrientationLandscapeRight";
				LD_RUNPATH_SEARCH_PATHS = (
					"$(inherited)",
					"@executable_path/Frameworks",
				);
				MARKETING_VERSION = 1.0;
				PRODUCT_BUNDLE_IDENTIFIER = dvtsoftware.com.PokemonProject;
				PRODUCT_NAME = "$(TARGET_NAME)";
				SWIFT_EMIT_LOC_STRINGS = YES;
				SWIFT_VERSION = 5.0;
				TARGETED_DEVICE_FAMILY = "1,2";
			};
			name = Release;
		};
/* End XCBuildConfiguration section */

/* Begin XCConfigurationList section */
		D856A7E82C4F974B00C4E6A5 /* Build configuration list for PBXProject "PokemonProject" */ = {
			isa = XCConfigurationList;
			buildConfigurations = (
				D856A7FF2C4F974C00C4E6A5 /* Debug */,
				D856A8002C4F974C00C4E6A5 /* Release */,
			);
			defaultConfigurationIsVisible = 0;
			defaultConfigurationName = Release;
		};
		D856A8012C4F974C00C4E6A5 /* Build configuration list for PBXNativeTarget "PokemonProject" */ = {
			isa = XCConfigurationList;
			buildConfigurations = (
				D856A8022C4F974C00C4E6A5 /* Debug */,
				D856A8032C4F974C00C4E6A5 /* Release */,
			);
			defaultConfigurationIsVisible = 0;
			defaultConfigurationName = Release;
		};
/* End XCConfigurationList section */

/* Begin XCVersionGroup section */
		D856A81B2C4FB32F00C4E6A5 /* coreDataModel.xcdatamodeld */ = {
			isa = XCVersionGroup;
			children = (
				D856A81C2C4FB32F00C4E6A5 /* coreDataModel.xcdatamodel */,
			);
			currentVersion = D856A81C2C4FB32F00C4E6A5 /* coreDataModel.xcdatamodel */;
			path = coreDataModel.xcdatamodeld;
			sourceTree = "<group>";
			versionGroupType = wrapper.xcdatamodel;
		};
/* End XCVersionGroup section */
	};
	rootObject = D856A7E52C4F974B00C4E6A5 /* Project object */;
}
